
Microsoft Visual Studio Solution File, Format Version 12.00
# Visual Studio 2017
Project("{FAE04EC0-301F-11D3-BF4B-00C04F79EFBC}") = "Experiments and script writing", "Experiments and script writing.csproj", "{BA7898F6-0A82-5CB6-03CC-C074E767B765}"
EndProject
Global
	GlobalSection(SolutionConfigurationPlatforms) = preSolution
		Debug|Any CPU = Debug|Any CPU
		Release|Any CPU = Release|Any CPU
	EndGlobalSection
	GlobalSection(ProjectConfigurationPlatforms) = postSolution
		{BA7898F6-0A82-5CB6-03CC-C074E767B765}.Debug|Any CPU.ActiveCfg = Debug|Any CPU
		{BA7898F6-0A82-5CB6-03CC-C074E767B765}.Debug|Any CPU.Build.0 = Debug|Any CPU
		{BA7898F6-0A82-5CB6-03CC-C074E767B765}.Release|Any CPU.ActiveCfg = Release|Any CPU
		{BA7898F6-0A82-5CB6-03CC-C074E767B765}.Release|Any CPU.Build.0 = Release|Any CPU
	EndGlobalSection
	GlobalSection(SolutionProperties) = preSolution
		HideSolutionNode = FALSE
	EndGlobalSection
EndGlobal
